
Microsoft Visual Studio Solution File, Format Version 12.00
# Visual Studio Version 17
VisualStudioVersion = 17.4.33213.308
MinimumVisualStudioVersion = 10.0.40219.1
Project("{FAE04EC0-301F-11D3-BF4B-00C04F79EFBC}") = "api_app", "api_app\api_app.csproj", "{380625BD-F7FB-4221-924F-7FF9E54EA2DF}"
EndProject
Global
	GlobalSection(SolutionConfigurationPlatforms) = preSolution
		Debug|Any CPU = Debug|Any CPU
		Release|Any CPU = Release|Any CPU
	EndGlobalSection
	GlobalSection(ProjectConfigurationPlatforms) = postSolution
		{380625BD-F7FB-4221-924F-7FF9E54EA2DF}.Debug|Any CPU.ActiveCfg = Debug|Any CPU
		{380625BD-F7FB-4221-924F-7FF9E54EA2DF}.Debug|Any CPU.Build.0 = Debug|Any CPU
		{380625BD-F7FB-4221-924F-7FF9E54EA2DF}.Release|Any CPU.ActiveCfg = Release|Any CPU
		{380625BD-F7FB-4221-924F-7FF9E54EA2DF}.Release|Any CPU.Build.0 = Release|Any CPU
	EndGlobalSection
	GlobalSection(SolutionProperties) = preSolution
		HideSolutionNode = FALSE
	EndGlobalSection
	GlobalSection(ExtensibilityGlobals) = postSolution
		SolutionGuid = {C9DB33B2-B5CF-4026-A497-6BC33BB8316A}
	EndGlobalSection
EndGlobal
